
Microsoft Visual Studio Solution File, Format Version 12.00
# Visual Studio Version 16
VisualStudioVersion = 16.0.30011.22
MinimumVisualStudioVersion = 10.0.40219.1
Project("{FAE04EC0-301F-11D3-BF4B-00C04F79EFBC}") = "TP3_Procedures", "TP3_Procedures\TP3_Procedures.csproj", "{12363E38-1757-4497-AFEF-57CDA83C9F26}"
EndProject
Global
	GlobalSection(SolutionConfigurationPlatforms) = preSolution
		Debug|Any CPU = Debug|Any CPU
		Release|Any CPU = Release|Any CPU
	EndGlobalSection
	GlobalSection(ProjectConfigurationPlatforms) = postSolution
		{12363E38-1757-4497-AFEF-57CDA83C9F26}.Debug|Any CPU.ActiveCfg = Debug|Any CPU
		{12363E38-1757-4497-AFEF-57CDA83C9F26}.Debug|Any CPU.Build.0 = Debug|Any CPU
		{12363E38-1757-4497-AFEF-57CDA83C9F26}.Release|Any CPU.ActiveCfg = Release|Any CPU
		{12363E38-1757-4497-AFEF-57CDA83C9F26}.Release|Any CPU.Build.0 = Release|Any CPU
	EndGlobalSection
	GlobalSection(SolutionProperties) = preSolution
		HideSolutionNode = FALSE
	EndGlobalSection
	GlobalSection(ExtensibilityGlobals) = postSolution
		SolutionGuid = {DEE30266-3C9E-43F5-A907-9F756143D2D7}
	EndGlobalSection
EndGlobal
